{
  "nodes": {
    "nixpkgs": {
      "locked": {
        "lastModified": 1666634325,
        "narHash": "sha256-0PYdi0HDNasagoOrLv6LOXh2J++T+TnsDg8S/naJGDk=",
        "owner": "NixOS",
        "repo": "nixpkgs",
        "rev": "969c3ccf30a6cf8f7d431f097743a491b0eda4f7",
        "type": "github"
      },
      "original": {
        "id": "nixpkgs",
        "ref": "nixpkgs-unstable",
        "type": "indirect"
      }
    },
    "root": {
      "inputs": {
        "nixpkgs": "nixpkgs",
        "utils": "utils"
      }
    },
    "utils": {
      "locked": {
        "lastModified": 1659877975,
        "narHash": "sha256-zllb8aq3YO3h8B/U0/J1WBgAL8EX5yWf5pMj3G0NAmc=",
        "owner": "numtide",
        "repo": "flake-utils",
        "rev": "c0e246b9b83f637f4681389ecabcb2681b4f3af0",
        "type": "github"
      },
      "original": {
        "owner": "numtide",
        "repo": "flake-utils",
        "type": "github"
      }
    }
  },
  "root": "root",
  "version": 7
}
